
Microsoft Visual Studio Solution File, Format Version 12.00
# Visual Studio Version 16
VisualStudioVersion = 16.0.31402.337
MinimumVisualStudioVersion = 10.0.40219.1
Project("{FAE04EC0-301F-11D3-BF4B-00C04F79EFBC}") = "SolidExamples", "SolidExamples\SolidExamples.csproj", "{D922E405-D55F-44C6-B187-1E18E5442531}"
EndProject
Global
	GlobalSection(SolutionConfigurationPlatforms) = preSolution
		Debug|Any CPU = Debug|Any CPU
		Release|Any CPU = Release|Any CPU
	EndGlobalSection
	GlobalSection(ProjectConfigurationPlatforms) = postSolution
		{D922E405-D55F-44C6-B187-1E18E5442531}.Debug|Any CPU.ActiveCfg = Debug|Any CPU
		{D922E405-D55F-44C6-B187-1E18E5442531}.Debug|Any CPU.Build.0 = Debug|Any CPU
		{D922E405-D55F-44C6-B187-1E18E5442531}.Release|Any CPU.ActiveCfg = Release|Any CPU
		{D922E405-D55F-44C6-B187-1E18E5442531}.Release|Any CPU.Build.0 = Release|Any CPU
	EndGlobalSection
	GlobalSection(SolutionProperties) = preSolution
		HideSolutionNode = FALSE
	EndGlobalSection
	GlobalSection(ExtensibilityGlobals) = postSolution
		SolutionGuid = {241350A1-0AE8-456E-8AEA-49E640D0E803}
	EndGlobalSection
EndGlobal
